
Microsoft Visual Studio Solution File, Format Version 12.00
# Visual Studio 15
VisualStudioVersion = 15.0.28307.779
MinimumVisualStudioVersion = 10.0.40219.1
Project("{8BC9CEB8-8B4A-11D0-8D11-00A0C91BC942}") = "PubSubLite", "PubSubLite\PubSubLite.vcxproj", "{C2BFCE76-E019-4628-ADC4-FCD4A89BC572}"
EndProject
Global
	GlobalSection(SolutionConfigurationPlatforms) = preSolution
		Debug|x64 = Debug|x64
		Debug|x86 = Debug|x86
		Release|x64 = Release|x64
		Release|x86 = Release|x86
	EndGlobalSection
	GlobalSection(ProjectConfigurationPlatforms) = postSolution
		{C2BFCE76-E019-4628-ADC4-FCD4A89BC572}.Debug|x64.ActiveCfg = Debug|x64
		{C2BFCE76-E019-4628-ADC4-FCD4A89BC572}.Debug|x64.Build.0 = Debug|x64
		{C2BFCE76-E019-4628-ADC4-FCD4A89BC572}.Debug|x86.ActiveCfg = Debug|Win32
		{C2BFCE76-E019-4628-ADC4-FCD4A89BC572}.Debug|x86.Build.0 = Debug|Win32
		{C2BFCE76-E019-4628-ADC4-FCD4A89BC572}.Release|x64.ActiveCfg = Release|x64
		{C2BFCE76-E019-4628-ADC4-FCD4A89BC572}.Release|x64.Build.0 = Release|x64
		{C2BFCE76-E019-4628-ADC4-FCD4A89BC572}.Release|x86.ActiveCfg = Release|Win32
		{C2BFCE76-E019-4628-ADC4-FCD4A89BC572}.Release|x86.Build.0 = Release|Win32
	EndGlobalSection
	GlobalSection(SolutionProperties) = preSolution
		HideSolutionNode = FALSE
	EndGlobalSection
	GlobalSection(ExtensibilityGlobals) = postSolution
		SolutionGuid = {DDCB1936-F099-497B-B99B-7BBE72BBF8FE}
	EndGlobalSection
EndGlobal
